
Microsoft Visual Studio Solution File, Format Version 12.00
# Visual Studio Version 17
VisualStudioVersion = 17.1.32421.90
MinimumVisualStudioVersion = 10.0.40219.1
Project("{2150E333-8FDC-42A3-9474-1A3956D46DE8}") = "Clientes", "Clientes", "{627E8D53-3EFA-4637-830C-702504C11097}"
EndProject
Project("{2150E333-8FDC-42A3-9474-1A3956D46DE8}") = "Fornecedores", "Fornecedores", "{22F86E6C-B26F-4918-8C68-D8B8AA80E97A}"
EndProject
Project("{2150E333-8FDC-42A3-9474-1A3956D46DE8}") = "Gerentes", "Gerentes", "{94329DB5-8049-4AA4-B940-1A7BA69236B6}"
EndProject
Project("{2150E333-8FDC-42A3-9474-1A3956D46DE8}") = "Vendedores", "Vendedores", "{EF2AA9A5-2BBC-42F4-AC61-E7A27B35D923}"
EndProject
Project("{2150E333-8FDC-42A3-9474-1A3956D46DE8}") = "Worker", "Worker", "{F72B6D7B-7253-4F02-9A8A-CA8E856F375D}"
EndProject
Project("{2150E333-8FDC-42A3-9474-1A3956D46DE8}") = "Marketplace.Clientes.Console", "Marketplace.Clientes.Console", "{8E083242-7344-4AE2-9A3B-40DFBC34FA8D}"
EndProject
Project("{2150E333-8FDC-42A3-9474-1A3956D46DE8}") = "Marketplace.Fornecedores.Console", "Marketplace.Fornecedores.Console", "{30C18A39-5D99-424B-B2F6-710A5755E2C8}"
EndProject
Project("{2150E333-8FDC-42A3-9474-1A3956D46DE8}") = "Marketplace.Vendedores.Console", "Marketplace.Vendedores.Console", "{CC7BAA8E-DFF9-4C81-AE2A-FBFCEFC3D39A}"
EndProject
Project("{2150E333-8FDC-42A3-9474-1A3956D46DE8}") = "Marketplace.Worker", "Marketplace.Worker", "{A6A5A616-46B9-4C31-8292-5BB7BDA390CD}"
EndProject
Project("{9A19103F-16F7-4668-BE54-9A1E7A4F7556}") = "Marketplace.Clientes.Console", "Marketplace.Clientes.Console\Marketplace.Clientes.Console.csproj", "{F5719509-D883-46BB-80BE-56EFFAE931C1}"
EndProject
Project("{9A19103F-16F7-4668-BE54-9A1E7A4F7556}") = "Marketplace.Fornecedores.Console", "Marketplace.Fornecedores.Console\Marketplace.Fornecedores.Console.csproj", "{96001DE5-703A-450A-AB7F-703A1FAEBBF1}"
EndProject
Project("{9A19103F-16F7-4668-BE54-9A1E7A4F7556}") = "Marketplace.Vendedores.Console", "Marketplace.Vendedores.Console\Marketplace.Vendedores.Console.csproj", "{F11BC149-8E12-4EE5-80B2-B668DF12A67A}"
EndProject
Project("{9A19103F-16F7-4668-BE54-9A1E7A4F7556}") = "Marketplace.Worker", "Marketplace.Worker\Marketplace.Worker.csproj", "{2D00FCF1-45EC-46A6-8DBA-F84E7E758148}"
EndProject
Project("{9A19103F-16F7-4668-BE54-9A1E7A4F7556}") = "Marketplace.Gerente.Console", "Marketplace.Gerente.Console\Marketplace.Gerente.Console.csproj", "{71FDC713-E8AB-48BE-B5DB-D62F74F72585}"
EndProject
Project("{9A19103F-16F7-4668-BE54-9A1E7A4F7556}") = "Marketplace.Gerente.Application", "Marketplace.Gerente.Application\Marketplace.Gerente.Application.csproj", "{BEFD01EE-DFEB-4C22-9115-C1FEA50F4D3A}"
EndProject
Project("{9A19103F-16F7-4668-BE54-9A1E7A4F7556}") = "Marketplace.Gerente.Domain", "Marketplace.Gerente.Domain\Marketplace.Gerente.Domain.csproj", "{3E6B5B6F-3BF7-480B-AA48-F682A3954851}"
EndProject
Project("{9A19103F-16F7-4668-BE54-9A1E7A4F7556}") = "Marketplace.Gerente.Data", "Marketplace.Gerente.Data\Marketplace.Gerente.Data.csproj", "{5749A9A9-C30A-48BB-8610-A75531B1407B}"
EndProject
Project("{2150E333-8FDC-42A3-9474-1A3956D46DE8}") = "1-Console", "1-Console", "{0E523B50-2848-4087-B858-094CC17C286C}"
EndProject
Project("{2150E333-8FDC-42A3-9474-1A3956D46DE8}") = "2-Application", "2-Application", "{8F108446-02EF-482A-AD91-2A95E42293E4}"
EndProject
Project("{2150E333-8FDC-42A3-9474-1A3956D46DE8}") = "3-Domain", "3-Domain", "{9B74DA9D-386E-4A89-81AE-D77DD9D90801}"
EndProject
Project("{2150E333-8FDC-42A3-9474-1A3956D46DE8}") = "4-Data", "4-Data", "{FC0DDDA7-9638-473D-A5B3-F03BCEA6FEEE}"
EndProject
Global
	GlobalSection(SolutionConfigurationPlatforms) = preSolution
		Debug|Any CPU = Debug|Any CPU
		Release|Any CPU = Release|Any CPU
	EndGlobalSection
	GlobalSection(ProjectConfigurationPlatforms) = postSolution
		{F5719509-D883-46BB-80BE-56EFFAE931C1}.Debug|Any CPU.ActiveCfg = Debug|Any CPU
		{F5719509-D883-46BB-80BE-56EFFAE931C1}.Debug|Any CPU.Build.0 = Debug|Any CPU
		{F5719509-D883-46BB-80BE-56EFFAE931C1}.Release|Any CPU.ActiveCfg = Release|Any CPU
		{F5719509-D883-46BB-80BE-56EFFAE931C1}.Release|Any CPU.Build.0 = Release|Any CPU
		{96001DE5-703A-450A-AB7F-703A1FAEBBF1}.Debug|Any CPU.ActiveCfg = Debug|Any CPU
		{96001DE5-703A-450A-AB7F-703A1FAEBBF1}.Debug|Any CPU.Build.0 = Debug|Any CPU
		{96001DE5-703A-450A-AB7F-703A1FAEBBF1}.Release|Any CPU.ActiveCfg = Release|Any CPU
		{96001DE5-703A-450A-AB7F-703A1FAEBBF1}.Release|Any CPU.Build.0 = Release|Any CPU
		{F11BC149-8E12-4EE5-80B2-B668DF12A67A}.Debug|Any CPU.ActiveCfg = Debug|Any CPU
		{F11BC149-8E12-4EE5-80B2-B668DF12A67A}.Debug|Any CPU.Build.0 = Debug|Any CPU
		{F11BC149-8E12-4EE5-80B2-B668DF12A67A}.Release|Any CPU.ActiveCfg = Release|Any CPU
		{F11BC149-8E12-4EE5-80B2-B668DF12A67A}.Release|Any CPU.Build.0 = Release|Any CPU
		{2D00FCF1-45EC-46A6-8DBA-F84E7E758148}.Debug|Any CPU.ActiveCfg = Debug|Any CPU
		{2D00FCF1-45EC-46A6-8DBA-F84E7E758148}.Debug|Any CPU.Build.0 = Debug|Any CPU
		{2D00FCF1-45EC-46A6-8DBA-F84E7E758148}.Release|Any CPU.ActiveCfg = Release|Any CPU
		{2D00FCF1-45EC-46A6-8DBA-F84E7E758148}.Release|Any CPU.Build.0 = Release|Any CPU
		{71FDC713-E8AB-48BE-B5DB-D62F74F72585}.Debug|Any CPU.ActiveCfg = Debug|Any CPU
		{71FDC713-E8AB-48BE-B5DB-D62F74F72585}.Debug|Any CPU.Build.0 = Debug|Any CPU
		{71FDC713-E8AB-48BE-B5DB-D62F74F72585}.Release|Any CPU.ActiveCfg = Release|Any CPU
		{71FDC713-E8AB-48BE-B5DB-D62F74F72585}.Release|Any CPU.Build.0 = Release|Any CPU
		{BEFD01EE-DFEB-4C22-9115-C1FEA50F4D3A}.Debug|Any CPU.ActiveCfg = Debug|Any CPU
		{BEFD01EE-DFEB-4C22-9115-C1FEA50F4D3A}.Debug|Any CPU.Build.0 = Debug|Any CPU
		{BEFD01EE-DFEB-4C22-9115-C1FEA50F4D3A}.Release|Any CPU.ActiveCfg = Release|Any CPU
		{BEFD01EE-DFEB-4C22-9115-C1FEA50F4D3A}.Release|Any CPU.Build.0 = Release|Any CPU
		{3E6B5B6F-3BF7-480B-AA48-F682A3954851}.Debug|Any CPU.ActiveCfg = Debug|Any CPU
		{3E6B5B6F-3BF7-480B-AA48-F682A3954851}.Debug|Any CPU.Build.0 = Debug|Any CPU
		{3E6B5B6F-3BF7-480B-AA48-F682A3954851}.Release|Any CPU.ActiveCfg = Release|Any CPU
		{3E6B5B6F-3BF7-480B-AA48-F682A3954851}.Release|Any CPU.Build.0 = Release|Any CPU
		{5749A9A9-C30A-48BB-8610-A75531B1407B}.Debug|Any CPU.ActiveCfg = Debug|Any CPU
		{5749A9A9-C30A-48BB-8610-A75531B1407B}.Debug|Any CPU.Build.0 = Debug|Any CPU
		{5749A9A9-C30A-48BB-8610-A75531B1407B}.Release|Any CPU.ActiveCfg = Release|Any CPU
		{5749A9A9-C30A-48BB-8610-A75531B1407B}.Release|Any CPU.Build.0 = Release|Any CPU
	EndGlobalSection
	GlobalSection(SolutionProperties) = preSolution
		HideSolutionNode = FALSE
	EndGlobalSection
	GlobalSection(NestedProjects) = preSolution
		{8E083242-7344-4AE2-9A3B-40DFBC34FA8D} = {627E8D53-3EFA-4637-830C-702504C11097}
		{30C18A39-5D99-424B-B2F6-710A5755E2C8} = {22F86E6C-B26F-4918-8C68-D8B8AA80E97A}
		{CC7BAA8E-DFF9-4C81-AE2A-FBFCEFC3D39A} = {EF2AA9A5-2BBC-42F4-AC61-E7A27B35D923}
		{A6A5A616-46B9-4C31-8292-5BB7BDA390CD} = {F72B6D7B-7253-4F02-9A8A-CA8E856F375D}
		{F5719509-D883-46BB-80BE-56EFFAE931C1} = {8E083242-7344-4AE2-9A3B-40DFBC34FA8D}
		{96001DE5-703A-450A-AB7F-703A1FAEBBF1} = {30C18A39-5D99-424B-B2F6-710A5755E2C8}
		{F11BC149-8E12-4EE5-80B2-B668DF12A67A} = {CC7BAA8E-DFF9-4C81-AE2A-FBFCEFC3D39A}
		{2D00FCF1-45EC-46A6-8DBA-F84E7E758148} = {A6A5A616-46B9-4C31-8292-5BB7BDA390CD}
		{71FDC713-E8AB-48BE-B5DB-D62F74F72585} = {0E523B50-2848-4087-B858-094CC17C286C}
		{BEFD01EE-DFEB-4C22-9115-C1FEA50F4D3A} = {8F108446-02EF-482A-AD91-2A95E42293E4}
		{3E6B5B6F-3BF7-480B-AA48-F682A3954851} = {9B74DA9D-386E-4A89-81AE-D77DD9D90801}
		{5749A9A9-C30A-48BB-8610-A75531B1407B} = {FC0DDDA7-9638-473D-A5B3-F03BCEA6FEEE}
		{0E523B50-2848-4087-B858-094CC17C286C} = {94329DB5-8049-4AA4-B940-1A7BA69236B6}
		{8F108446-02EF-482A-AD91-2A95E42293E4} = {94329DB5-8049-4AA4-B940-1A7BA69236B6}
		{9B74DA9D-386E-4A89-81AE-D77DD9D90801} = {94329DB5-8049-4AA4-B940-1A7BA69236B6}
		{FC0DDDA7-9638-473D-A5B3-F03BCEA6FEEE} = {94329DB5-8049-4AA4-B940-1A7BA69236B6}
	EndGlobalSection
	GlobalSection(ExtensibilityGlobals) = postSolution
		SolutionGuid = {37D79955-6002-4C38-AA74-8AF6F0A99D6D}
	EndGlobalSection
EndGlobal
